<?xml version="1.0" encoding="utf-8"?>
<Project ToolsVersion="4.0" xmlns="http://schemas.microsoft.com/developer/msbuild/2003">
  <ItemGroup>
    <Filter Include="Source Files">
      <UniqueIdentifier>{ee8120bf-e1bd-455b-b0c2-5c2dc49691d6}</UniqueIdentifier>
      <Extensions>cpp;c;cxx;rc;def;r;odl;idl;hpj;bat</Extensions>
    </Filter>
    <Filter Include="Header Files">
      <UniqueIdentifier>{8c458ea3-8ae0-4ff9-851c-e554fe35c585}</UniqueIdentifier>
      <Extensions>h;hpp;hxx;hm;inl</Extensions>
    </Filter>
    <Filter Include="Contribution">
      <UniqueIdentifier>{b499c060-9fd4-43f9-badc-0eabb6d6862f}</UniqueIdentifier>
    </Filter>
  </ItemGroup>
  <ItemGroup>
    <ClCompile Include="src\aleste.c">
      <Filter>Source Files</Filter>
    </ClCompile>
    <ClCompile Include="src\aleste_draw_16bpp.c">
      <Filter>Source Files</Filter>
    </ClCompile>
    <ClCompile Include="src\aleste_draw_24bpp.c">
      <Filter>Source Files</Filter>
    </ClCompile>
    <ClCompile Include="src\aleste_draw_32bpp.c">
      <Filter>Source Files</Filter>
    </ClCompile>
    <ClCompile Include="src\aleste_draw_8bpp.c">
      <Filter>Source Files</Filter>
    </ClCompile>
    <ClCompile Include="src\cap32.cpp">
      <Filter>Source Files</Filter>
    </ClCompile>
    <ClCompile Include="src\capzip.c">
      <Filter>Source Files</Filter>
    </ClCompile>
    <ClCompile Include="src\config.c">
      <Filter>Source Files</Filter>
    </ClCompile>
    <ClCompile Include="src\crtc.c">
      <Filter>Source Files</Filter>
    </ClCompile>
    <ClCompile Include="src\draw_16bpp.c">
      <Filter>Source Files</Filter>
    </ClCompile>
    <ClCompile Include="src\draw_24bpp.c">
      <Filter>Source Files</Filter>
    </ClCompile>
    <ClCompile Include="src\draw_32bpp.c">
      <Filter>Source Files</Filter>
    </ClCompile>
    <ClCompile Include="src\draw_8bpp.c">
      <Filter>Source Files</Filter>
    </ClCompile>
    <ClCompile Include="src\fdc.c">
      <Filter>Source Files</Filter>
    </ClCompile>
    <ClCompile Include="src\font.c">
      <Filter>Source Files</Filter>
    </ClCompile>
    <ClCompile Include="src\psg.c">
      <Filter>Source Files</Filter>
    </ClCompile>
    <ClCompile Include="src\rom_mods.c">
      <Filter>Source Files</Filter>
    </ClCompile>
    <ClCompile Include="src\tape.c">
      <Filter>Source Files</Filter>
    </ClCompile>
    <ClCompile Include="src\z80.c">
      <Filter>Source Files</Filter>
    </ClCompile>
    <ClCompile Include="src\Z80dis.c">
      <Filter>Source Files</Filter>
    </ClCompile>
    <ClCompile Include="src\contrib\src\autotype.c">
      <Filter>Contribution</Filter>
    </ClCompile>
    <ClCompile Include="src\contrib\src\dialogs.c">
      <Filter>Contribution</Filter>
    </ClCompile>
    <ClCompile Include="src\contrib\src\emuimpl.c">
      <Filter>Contribution</Filter>
    </ClCompile>
    <ClCompile Include="src\contrib\src\loadrom.c">
      <Filter>Contribution</Filter>
    </ClCompile>
    <ClCompile Include="src\contrib\src\xbm_cpc.c">
      <Filter>Contribution</Filter>
    </ClCompile>
  </ItemGroup>
  <ItemGroup>
    <ClInclude Include="src\aleste.h">
      <Filter>Header Files</Filter>
    </ClInclude>
    <ClInclude Include="src\contrib\include\app.h">
      <Filter>Header Files</Filter>
    </ClInclude>
    <ClInclude Include="src\cap32.h">
      <Filter>Header Files</Filter>
    </ClInclude>
    <ClInclude Include="src\caperr.h">
      <Filter>Header Files</Filter>
    </ClInclude>
    <ClInclude Include="src\capzip.h">
      <Filter>Header Files</Filter>
    </ClInclude>
    <ClInclude Include="src\config.h">
      <Filter>Header Files</Filter>
    </ClInclude>
    <ClInclude Include="src\crtc.h">
      <Filter>Header Files</Filter>
    </ClInclude>
    <ClInclude Include="src\tape.h">
      <Filter>Header Files</Filter>
    </ClInclude>
    <ClInclude Include="src\z80.h">
      <Filter>Header Files</Filter>
    </ClInclude>
    <ClInclude Include="src\z80daa.h">
      <Filter>Header Files</Filter>
    </ClInclude>
    <ClInclude Include="src\Z80dis.h">
      <Filter>Header Files</Filter>
    </ClInclude>
  </ItemGroup>
</Project>